<?xml version="1.0" encoding="utf-8"?>
<Project ToolsVersion="4.0" xmlns="http://schemas.microsoft.com/developer/msbuild/2003">
  <ItemGroup>
    <ClCompile Include="ClientCommunicationThread.cpp">
      <Filter>Source Files</Filter>
    </ClCompile>
    <ClCompile Include="CCM_PAG.cpp">
      <Filter>Source Files</Filter>
    </ClCompile>
    <ClCompile Include="ClientConnectionManagement.cpp">
      <Filter>Source Files</Filter>
    </ClCompile>
    <ClCompile Include="ClientSocket.cpp">
      <Filter>Source Files</Filter>
    </ClCompile>
    <ClCompile Include="CmdProcessThread.cpp">
      <Filter>Source Files</Filter>
    </ClCompile>
    <ClCompile Include="HwTimer.cpp">
      <Filter>Source Files</Filter>
    </ClCompile>
    <ClCompile Include="InspState.cpp">
      <Filter>Source Files</Filter>
    </ClCompile>
    <ClCompile Include="InstMsgProcess.cpp">
      <Filter>Source Files</Filter>
    </ClCompile>
    <ClCompile Include="MFCNTService.cpp">
      <Filter>Source Files</Filter>
    </ClCompile>
    <ClCompile Include="NTService.cpp">
      <Filter>Source Files</Filter>
    </ClCompile>
    <ClCompile Include="RunningAverage.cpp">
      <Filter>Source Files</Filter>
    </ClCompile>
    <ClCompile Include="ServerConnectionManagement.cpp">
      <Filter>Source Files</Filter>
    </ClCompile>
    <ClCompile Include="ServerListenThread.cpp">
      <Filter>Source Files</Filter>
    </ClCompile>
    <ClCompile Include="ServerRcvListThread.cpp">
      <Filter>Source Files</Filter>
    </ClCompile>
    <ClCompile Include="ServerRcvListThreadBase.cpp">
      <Filter>Source Files</Filter>
    </ClCompile>
    <ClCompile Include="ServerSocket.cpp">
      <Filter>Source Files</Filter>
    </ClCompile>
    <ClCompile Include="ServerSocketOwnerThread.cpp">
      <Filter>Source Files</Filter>
    </ClCompile>
    <ClCompile Include="ServiceApp.cpp">
      <Filter>Source Files</Filter>
    </ClCompile>
    <ClCompile Include="stdafx.cpp">
      <Filter>Source Files</Filter>
    </ClCompile>
    <ClCompile Include="TestThread.cpp">
      <Filter>Source Files</Filter>
    </ClCompile>
    <ClCompile Include="TuboIni.cpp">
      <Filter>Source Files</Filter>
    </ClCompile>
    <ClCompile Include="inifile.cpp" />
  </ItemGroup>
  <ItemGroup>
    <ClInclude Include="CCM_PAG.h">
      <Filter>Header Files</Filter>
    </ClInclude>
    <ClInclude Include="..\Include\CFG100.H">
      <Filter>Header Files</Filter>
    </ClInclude>
    <ClInclude Include="CmdProcessThread.h">
      <Filter>Header Files</Filter>
    </ClInclude>
    <ClInclude Include="ClientCommunicationThread.h">
      <Filter>Header Files</Filter>
    </ClInclude>
    <ClInclude Include="ClientConnectionManagement.h">
      <Filter>Header Files</Filter>
    </ClInclude>
    <ClInclude Include="ClientSocket.h">
      <Filter>Header Files</Filter>
    </ClInclude>
    <ClInclude Include="HwTimer.h">
      <Filter>Header Files</Filter>
    </ClInclude>
    <ClInclude Include="InspState.h">
      <Filter>Header Files</Filter>
    </ClInclude>
    <ClInclude Include="InstMsgProcess.h">
      <Filter>Header Files</Filter>
    </ClInclude>
    <ClInclude Include="..\Include\nios_msg.h">
      <Filter>Header Files</Filter>
    </ClInclude>
    <ClInclude Include="NTService.h">
      <Filter>Header Files</Filter>
    </ClInclude>
    <ClInclude Include="NTServiceEventLogMsg.h">
      <Filter>Header Files</Filter>
    </ClInclude>
    <ClInclude Include="RunningAverage.h">
      <Filter>Header Files</Filter>
    </ClInclude>
    <ClInclude Include="ServerConnectionManagement.h">
      <Filter>Header Files</Filter>
    </ClInclude>
    <ClInclude Include="ServerListenThread.h">
      <Filter>Header Files</Filter>
    </ClInclude>
    <ClInclude Include="ServerRcvListThread.h">
      <Filter>Header Files</Filter>
    </ClInclude>
    <ClInclude Include="ServerRcvListThreadBase.h">
      <Filter>Header Files</Filter>
    </ClInclude>
    <ClInclude Include="ServerSocket.h">
      <Filter>Header Files</Filter>
    </ClInclude>
    <ClInclude Include="ServerSocketOwnerThread.h">
      <Filter>Header Files</Filter>
    </ClInclude>
    <ClInclude Include="ServiceApp.h">
      <Filter>Header Files</Filter>
    </ClInclude>
    <ClInclude Include="stdafx.h">
      <Filter>Header Files</Filter>
    </ClInclude>
    <ClInclude Include="TestThread.h">
      <Filter>Header Files</Filter>
    </ClInclude>
    <ClInclude Include="TuboIni.h">
      <Filter>Header Files</Filter>
    </ClInclude>
    <ClInclude Include="..\Include\Udp_msg.h">
      <Filter>Header Files</Filter>
    </ClInclude>
    <ClInclude Include="..\Include\UT_MSG.H">
      <Filter>Header Files</Filter>
    </ClInclude>
    <ClInclude Include="inifile.h">
      <Filter>Header Files</Filter>
    </ClInclude>
    <ClInclude Include="inifile_mb_wide_mfc_vs.h">
      <Filter>Header Files</Filter>
    </ClInclude>
    <ClInclude Include="targetver.h">
      <Filter>Header Files</Filter>
    </ClInclude>
    <ClInclude Include="tstdlibs.h">
      <Filter>Header Files</Filter>
    </ClInclude>
    <ClInclude Include="..\Include\global.h">
      <Filter>Header Files</Filter>
    </ClInclude>
    <ClInclude Include="MainModuleGlobal.h">
      <Filter>Header Files</Filter>
    </ClInclude>
  </ItemGroup>
  <ItemGroup>
    <None Include="ClassDiagram1.cd" />
    <None Include="MFCService.dsp" />
    <None Include="NTServiceEventLogMsg.mc" />
  </ItemGroup>
  <ItemGroup>
    <Filter Include="Header Files">
      <UniqueIdentifier>{6d6a3ee0-ada1-4245-9c10-c8863fa94366}</UniqueIdentifier>
      <Extensions>h;hpp;hxx;hm;inl</Extensions>
    </Filter>
    <Filter Include="Source Files">
      <UniqueIdentifier>{b06539ca-0372-4811-936f-a0c6b8d09b5b}</UniqueIdentifier>
    </Filter>
  </ItemGroup>
</Project>