<?xml version="1.0" encoding="utf-8"?>
<Project ToolsVersion="4.0" xmlns="http://schemas.microsoft.com/developer/msbuild/2003">
  <ItemGroup>
    <Filter Include="Source Files">
      <UniqueIdentifier>{ab72b4bb-a916-4f79-9232-2bb2caf7f5de}</UniqueIdentifier>
      <Extensions>cpp;c;cxx;rc;def;r;odl;idl;hpj;bat</Extensions>
    </Filter>
    <Filter Include="Header Files">
      <UniqueIdentifier>{aebfac29-d2ca-41a6-9ce7-7788fee238e6}</UniqueIdentifier>
      <Extensions>h;hpp;hxx;hm;inl</Extensions>
    </Filter>
    <Filter Include="Resource Files">
      <UniqueIdentifier>{59173218-9030-4b30-b943-f0ef51f75713}</UniqueIdentifier>
      <Extensions>ico;cur;bmp;dlg;rc2;rct;bin;rgs;gif;jpg;jpeg;jpe</Extensions>
    </Filter>
  </ItemGroup>
  <ItemGroup>
    <ClCompile Include="Acal.cpp">
      <Filter>Source Files</Filter>
    </ClCompile>
    <ClCompile Include="AdiSetupDlg.cpp">
      <Filter>Source Files</Filter>
    </ClCompile>
    <ClCompile Include="Alarms.cpp">
      <Filter>Source Files</Filter>
    </ClCompile>
    <ClCompile Include="AscanDlg.cpp">
      <Filter>Source Files</Filter>
    </ClCompile>
    <ClCompile Include="AscanReadSeq.cpp">
      <Filter>Source Files</Filter>
    </ClCompile>
    <ClCompile Include="BldIndx.cpp">
      <Filter>Source Files</Filter>
    </ClCompile>
    <ClCompile Include="caldata.cpp">
      <Filter>Source Files</Filter>
    </ClCompile>
    <ClCompile Include="calicopy.cpp">
      <Filter>Source Files</Filter>
    </ClCompile>
    <ClCompile Include="Catch.cpp">
      <Filter>Source Files</Filter>
    </ClCompile>
    <ClCompile Include="ChangePsWd.cpp">
      <Filter>Source Files</Filter>
    </ClCompile>
    <ClCompile Include="ChnlOn.cpp">
      <Filter>Source Files</Filter>
    </ClCompile>
    <ClCompile Include="ChnlRangeDlg.cpp">
      <Filter>Source Files</Filter>
    </ClCompile>
    <ClCompile Include="ChnlTraceDlg.cpp">
      <Filter>Source Files</Filter>
    </ClCompile>
    <ClCompile Include="CompV.cpp">
      <Filter>Source Files</Filter>
    </ClCompile>
    <ClCompile Include="Cpyto.cpp">
      <Filter>Source Files</Filter>
    </ClCompile>
    <ClCompile Include="Disk.cpp">
      <Filter>Source Files</Filter>
    </ClCompile>
    <ClCompile Include="DmxAdj.cpp">
      <Filter>Source Files</Filter>
    </ClCompile>
    <ClCompile Include="DrawTraces.cpp">
      <Filter>Source Files</Filter>
    </ClCompile>
    <ClCompile Include="Echo.cpp">
      <Filter>Source Files</Filter>
    </ClCompile>
    <ClCompile Include="EndAreaToolDlg.cpp">
      <Filter>Source Files</Filter>
    </ClCompile>
    <ClCompile Include="Enet.cpp">
      <Filter>Source Files</Filter>
    </ClCompile>
    <ClCompile Include="ErrMsg.cpp">
      <Filter>Source Files</Filter>
    </ClCompile>
    <ClCompile Include="FolderDlg.cpp">
      <Filter>Source Files</Filter>
    </ClCompile>
    <ClCompile Include="Ftext.cpp">
      <Filter>Source Files</Filter>
    </ClCompile>
    <ClCompile Include="FText2.cpp">
      <Filter>Source Files</Filter>
    </ClCompile>
    <ClCompile Include="GainDlg.cpp">
      <Filter>Source Files</Filter>
    </ClCompile>
    <ClCompile Include="GateDlg.cpp">
      <Filter>Source Files</Filter>
    </ClCompile>
    <ClCompile Include="IpxStat.cpp">
      <Filter>Source Files</Filter>
    </ClCompile>
    <ClCompile Include="JointNum.cpp">
      <Filter>Source Files</Filter>
    </ClCompile>
    <ClCompile Include="LoadProgress.cpp">
      <Filter>Source Files</Filter>
    </ClCompile>
    <ClCompile Include="Nc.cpp">
      <Filter>Source Files</Filter>
    </ClCompile>
    <ClCompile Include="OdDlg.cpp">
      <Filter>Source Files</Filter>
    </ClCompile>
    <ClCompile Include="OnSite.cpp">
      <Filter>Source Files</Filter>
    </ClCompile>
    <ClCompile Include="Oscpe.cpp">
      <Filter>Source Files</Filter>
    </ClCompile>
    <ClCompile Include="PasswordDlg.cpp">
      <Filter>Source Files</Filter>
    </ClCompile>
    <ClCompile Include="Pulser.cpp">
      <Filter>Source Files</Filter>
    </ClCompile>
    <ClCompile Include="QStringParser.cpp">
      <Filter>Source Files</Filter>
    </ClCompile>
    <ClCompile Include="Rcvr.cpp">
      <Filter>Source Files</Filter>
    </ClCompile>
    <ClCompile Include="Replay.cpp">
      <Filter>Source Files</Filter>
    </ClCompile>
    <ClCompile Include="ResizingDialog.cpp">
      <Filter>Source Files</Filter>
    </ClCompile>
    <ClCompile Include="ScopeDlg.cpp">
      <Filter>Source Files</Filter>
    </ClCompile>
    <ClCompile Include="ScopeTrace1CalDlg.cpp">
      <Filter>Source Files</Filter>
    </ClCompile>
    <ClCompile Include="ScopeTrace2CalDlg.cpp">
      <Filter>Source Files</Filter>
    </ClCompile>
    <ClCompile Include="ScpDmx2.cpp">
      <Filter>Source Files</Filter>
    </ClCompile>
    <ClCompile Include="seekButton.cpp">
      <Filter>Source Files</Filter>
    </ClCompile>
    <ClCompile Include="SequenceDlg.cpp">
      <Filter>Source Files</Filter>
    </ClCompile>
    <ClCompile Include="SetUp.cpp">
      <Filter>Source Files</Filter>
    </ClCompile>
    <ClCompile Include="Shear.cpp">
      <Filter>Source Files</Filter>
    </ClCompile>
    <ClCompile Include="StdAfx.cpp">
      <Filter>Source Files</Filter>
    </ClCompile>
    <ClCompile Include="StrpChnl.cpp">
      <Filter>Source Files</Filter>
    </ClCompile>
    <ClCompile Include="SysGain.cpp">
      <Filter>Source Files</Filter>
    </ClCompile>
    <ClCompile Include="TCG.cpp">
      <Filter>Source Files</Filter>
    </ClCompile>
    <ClCompile Include="TcgSetupDlg.cpp">
      <Filter>Source Files</Filter>
    </ClCompile>
    <ClCompile Include="TcpThreadRxList.cpp">
      <Filter>Source Files</Filter>
    </ClCompile>
    <ClCompile Include="Tholds.cpp">
      <Filter>Source Files</Filter>
    </ClCompile>
    <ClCompile Include="tof.cpp">
      <Filter>Source Files</Filter>
    </ClCompile>
    <ClCompile Include="TRUSCAN.CPP">
      <Filter>Source Files</Filter>
    </ClCompile>
    <ClCompile Include="TSCANDLG.CPP">
      <Filter>Source Files</Filter>
    </ClCompile>
    <ClCompile Include="viewcfg.cpp">
      <Filter>Source Files</Filter>
    </ClCompile>
    <ClCompile Include="WallDlg.cpp">
      <Filter>Source Files</Filter>
    </ClCompile>
    <ClCompile Include="WCalDlg.cpp">
      <Filter>Source Files</Filter>
    </ClCompile>
    <ClCompile Include="WcJob.cpp">
      <Filter>Source Files</Filter>
    </ClCompile>
    <ClCompile Include="INSPECT.CPP">
      <Filter>Source Files</Filter>
    </ClCompile>
    <ClCompile Include="CCM_SysCp.cpp">
      <Filter>Source Files</Filter>
    </ClCompile>
    <ClCompile Include="ClientConnectionManagement.cpp">
      <Filter>Source Files</Filter>
    </ClCompile>
    <ClCompile Include="ClientSocket.cpp">
      <Filter>Source Files</Filter>
    </ClCompile>
    <ClCompile Include="HwTimer.cpp">
      <Filter>Source Files</Filter>
    </ClCompile>
    <ClCompile Include="ServerConnectionManagement.cpp">
      <Filter>Source Files</Filter>
    </ClCompile>
    <ClCompile Include="ServerListenThread.cpp">
      <Filter>Source Files</Filter>
    </ClCompile>
    <ClCompile Include="ServerSocket.cpp">
      <Filter>Source Files</Filter>
    </ClCompile>
    <ClCompile Include="ServerRcvListThread.cpp">
      <Filter>Source Files</Filter>
    </ClCompile>
    <ClCompile Include="ServerSocketOwnerThread.cpp">
      <Filter>Source Files</Filter>
    </ClCompile>
    <ClCompile Include="ClientCommunicationThread.cpp">
      <Filter>Source Files</Filter>
    </ClCompile>
    <ClCompile Include="ServerRcvListThreadBase.cpp">
      <Filter>Source Files</Filter>
    </ClCompile>
    <ClCompile Include="CmdProcessThread.cpp">
      <Filter>Source Files</Filter>
    </ClCompile>
    <ClCompile Include="CCM_GDP.cpp">
      <Filter>Source Files</Filter>
    </ClCompile>
    <ClCompile Include="NcNx.cpp">
      <Filter>Source Files</Filter>
    </ClCompile>
  </ItemGroup>
  <ItemGroup>
    <ResourceCompile Include="TRUSCAN.RC">
      <Filter>Source Files</Filter>
    </ResourceCompile>
  </ItemGroup>
  <ItemGroup>
    <ClInclude Include="Acal.h">
      <Filter>Header Files</Filter>
    </ClInclude>
    <ClInclude Include="AdiSetupDlg.h">
      <Filter>Header Files</Filter>
    </ClInclude>
    <ClInclude Include="Alarms.h">
      <Filter>Header Files</Filter>
    </ClInclude>
    <ClInclude Include="AscanDlg.h">
      <Filter>Header Files</Filter>
    </ClInclude>
    <ClInclude Include="AscanReadSeq.h">
      <Filter>Header Files</Filter>
    </ClInclude>
    <ClInclude Include="BldIndx.h">
      <Filter>Header Files</Filter>
    </ClInclude>
    <ClInclude Include="caldata.h">
      <Filter>Header Files</Filter>
    </ClInclude>
    <ClInclude Include="calicopy.h">
      <Filter>Header Files</Filter>
    </ClInclude>
    <ClInclude Include="Catch.h">
      <Filter>Header Files</Filter>
    </ClInclude>
    <ClInclude Include="ChangePsWd.h">
      <Filter>Header Files</Filter>
    </ClInclude>
    <ClInclude Include="ChnlOn.h">
      <Filter>Header Files</Filter>
    </ClInclude>
    <ClInclude Include="ChnlRangeDlg.h">
      <Filter>Header Files</Filter>
    </ClInclude>
    <ClInclude Include="ChnlTraceDlg.h">
      <Filter>Header Files</Filter>
    </ClInclude>
    <ClInclude Include="CompV.h">
      <Filter>Header Files</Filter>
    </ClInclude>
    <ClInclude Include="Cpyto.h">
      <Filter>Header Files</Filter>
    </ClInclude>
    <ClInclude Include="DIBAPI.H">
      <Filter>Header Files</Filter>
    </ClInclude>
    <ClInclude Include="DIBDLL.H">
      <Filter>Header Files</Filter>
    </ClInclude>
    <ClInclude Include="DIBUTIL.H">
      <Filter>Header Files</Filter>
    </ClInclude>
    <ClInclude Include="Disk.h">
      <Filter>Header Files</Filter>
    </ClInclude>
    <ClInclude Include="DmxAdj.h">
      <Filter>Header Files</Filter>
    </ClInclude>
    <ClInclude Include="DrawTraces.h">
      <Filter>Header Files</Filter>
    </ClInclude>
    <ClInclude Include="Echo.h">
      <Filter>Header Files</Filter>
    </ClInclude>
    <ClInclude Include="EndAreaToolDlg.h">
      <Filter>Header Files</Filter>
    </ClInclude>
    <ClInclude Include="Enet.h">
      <Filter>Header Files</Filter>
    </ClInclude>
    <ClInclude Include="ENGLISH.H">
      <Filter>Header Files</Filter>
    </ClInclude>
    <ClInclude Include="ErrMsg.h">
      <Filter>Header Files</Filter>
    </ClInclude>
    <ClInclude Include="EXTERN.H">
      <Filter>Header Files</Filter>
    </ClInclude>
    <ClInclude Include="FolderDlg.h">
      <Filter>Header Files</Filter>
    </ClInclude>
    <ClInclude Include="Ftext.h">
      <Filter>Header Files</Filter>
    </ClInclude>
    <ClInclude Include="Ftext2.h">
      <Filter>Header Files</Filter>
    </ClInclude>
    <ClInclude Include="GainDlg.h">
      <Filter>Header Files</Filter>
    </ClInclude>
    <ClInclude Include="GateDlg.h">
      <Filter>Header Files</Filter>
    </ClInclude>
    <ClInclude Include="Inspect.h">
      <Filter>Header Files</Filter>
    </ClInclude>
    <ClInclude Include="IpxStat.h">
      <Filter>Header Files</Filter>
    </ClInclude>
    <ClInclude Include="JointNum.h">
      <Filter>Header Files</Filter>
    </ClInclude>
    <ClInclude Include="LimitSingleInstance.h">
      <Filter>Header Files</Filter>
    </ClInclude>
    <ClInclude Include="Nc.h">
      <Filter>Header Files</Filter>
    </ClInclude>
    <ClInclude Include="OdDlg.h">
      <Filter>Header Files</Filter>
    </ClInclude>
    <ClInclude Include="OnSite.h">
      <Filter>Header Files</Filter>
    </ClInclude>
    <ClInclude Include="Oscpe.h">
      <Filter>Header Files</Filter>
    </ClInclude>
    <ClInclude Include="PasswordDlg.h">
      <Filter>Header Files</Filter>
    </ClInclude>
    <ClInclude Include="Pulser.h">
      <Filter>Header Files</Filter>
    </ClInclude>
    <ClInclude Include="QStringParser.h">
      <Filter>Header Files</Filter>
    </ClInclude>
    <ClInclude Include="Rcvr.h">
      <Filter>Header Files</Filter>
    </ClInclude>
    <ClInclude Include="Replay.h">
      <Filter>Header Files</Filter>
    </ClInclude>
    <ClInclude Include="ResizingDialog.h">
      <Filter>Header Files</Filter>
    </ClInclude>
    <ClInclude Include="Resource.h">
      <Filter>Header Files</Filter>
    </ClInclude>
    <ClInclude Include="ScopeDlg.h">
      <Filter>Header Files</Filter>
    </ClInclude>
    <ClInclude Include="scopetrace1caldlg.h">
      <Filter>Header Files</Filter>
    </ClInclude>
    <ClInclude Include="scopetrace2caldlg.h">
      <Filter>Header Files</Filter>
    </ClInclude>
    <ClInclude Include="ScpDmx2.h">
      <Filter>Header Files</Filter>
    </ClInclude>
    <ClInclude Include="SeekButton.h">
      <Filter>Header Files</Filter>
    </ClInclude>
    <ClInclude Include="SequenceDlg.h">
      <Filter>Header Files</Filter>
    </ClInclude>
    <ClInclude Include="SetUp.h">
      <Filter>Header Files</Filter>
    </ClInclude>
    <ClInclude Include="Shear.h">
      <Filter>Header Files</Filter>
    </ClInclude>
    <ClInclude Include="StdAfx.h">
      <Filter>Header Files</Filter>
    </ClInclude>
    <ClInclude Include="StrpChnl.h">
      <Filter>Header Files</Filter>
    </ClInclude>
    <ClInclude Include="SysGain.h">
      <Filter>Header Files</Filter>
    </ClInclude>
    <ClInclude Include="TCG.h">
      <Filter>Header Files</Filter>
    </ClInclude>
    <ClInclude Include="TcgSetupDlg.h">
      <Filter>Header Files</Filter>
    </ClInclude>
    <ClInclude Include="TcpThreadRxList.h">
      <Filter>Header Files</Filter>
    </ClInclude>
    <ClInclude Include="Tholds.h">
      <Filter>Header Files</Filter>
    </ClInclude>
    <ClInclude Include="tof.h">
      <Filter>Header Files</Filter>
    </ClInclude>
    <ClInclude Include="TRUSCAN.H">
      <Filter>Header Files</Filter>
    </ClInclude>
    <ClInclude Include="TSCANDLG.H">
      <Filter>Header Files</Filter>
    </ClInclude>
    <ClInclude Include="..\Include\Udp_msg.h">
      <Filter>Header Files</Filter>
    </ClInclude>
    <ClInclude Include="viewcfg.h">
      <Filter>Header Files</Filter>
    </ClInclude>
    <ClInclude Include="WallDlg.h">
      <Filter>Header Files</Filter>
    </ClInclude>
    <ClInclude Include="WCalDlg.h">
      <Filter>Header Files</Filter>
    </ClInclude>
    <ClInclude Include="WcJob.h">
      <Filter>Header Files</Filter>
    </ClInclude>
    <ClInclude Include="..\Include\MC_SysCP_Constants.h">
      <Filter>Header Files</Filter>
    </ClInclude>
    <ClInclude Include="CCM_SysCp.h">
      <Filter>Header Files</Filter>
    </ClInclude>
    <ClInclude Include="ClientConnectionManagement.h">
      <Filter>Header Files</Filter>
    </ClInclude>
    <ClInclude Include="ClientSocket.h">
      <Filter>Header Files</Filter>
    </ClInclude>
    <ClInclude Include="HwTimer.h">
      <Filter>Header Files</Filter>
    </ClInclude>
    <ClInclude Include="ServerConnectionManagement.h">
      <Filter>Header Files</Filter>
    </ClInclude>
    <ClInclude Include="ServerListenThread.h">
      <Filter>Header Files</Filter>
    </ClInclude>
    <ClInclude Include="ServerSocket.h">
      <Filter>Header Files</Filter>
    </ClInclude>
    <ClInclude Include="..\Include\Truscan_version.h">
      <Filter>Header Files</Filter>
    </ClInclude>
    <ClInclude Include="..\include\MillConsoleIDP_Constants.h">
      <Filter>Source Files</Filter>
    </ClInclude>
    <ClInclude Include="ServerRcvListThread.h">
      <Filter>Header Files</Filter>
    </ClInclude>
    <ClInclude Include="ServerSocketOwnerThread.h">
      <Filter>Header Files</Filter>
    </ClInclude>
    <ClInclude Include="ClientCommunicationThread.h">
      <Filter>Header Files</Filter>
    </ClInclude>
    <ClInclude Include="ServerRcvListThreadBase.h">
      <Filter>Header Files</Filter>
    </ClInclude>
    <ClInclude Include="CmdProcessThread.h">
      <Filter>Header Files</Filter>
    </ClInclude>
    <ClInclude Include="CCM_GDP.h">
      <Filter>Header Files</Filter>
    </ClInclude>
    <ClInclude Include="NcNx.h">
      <Filter>Header Files</Filter>
    </ClInclude>
    <ClInclude Include="..\Include\PA2Struct.h">
      <Filter>Header Files</Filter>
    </ClInclude>
  </ItemGroup>
  <ItemGroup>
    <CustomBuild Include="res\bitmap1.bmp">
      <Filter>Resource Files</Filter>
    </CustomBuild>
    <CustomBuild Include="res\bmpScope1NormalOff.bmp">
      <Filter>Resource Files</Filter>
    </CustomBuild>
    <CustomBuild Include="res\bmpScope1NormalOn.bmp">
      <Filter>Resource Files</Filter>
    </CustomBuild>
    <CustomBuild Include="res\bmpScope2ActivGateOff.bmp">
      <Filter>Resource Files</Filter>
    </CustomBuild>
    <CustomBuild Include="res\bmpScope2ActivGateOn.bmp">
      <Filter>Resource Files</Filter>
    </CustomBuild>
    <CustomBuild Include="res\bmpScope2AllGateOff.bmp">
      <Filter>Resource Files</Filter>
    </CustomBuild>
    <CustomBuild Include="res\bmpScope2AllGateOn.bmp">
      <Filter>Resource Files</Filter>
    </CustomBuild>
    <CustomBuild Include="res\CURSOR1.CUR">
      <Filter>Resource Files</Filter>
    </CustomBuild>
    <CustomBuild Include="res\iconScope1RFoff.ico">
      <Filter>Resource Files</Filter>
    </CustomBuild>
    <CustomBuild Include="res\iconScope1RFon.ico">
      <Filter>Resource Files</Filter>
    </CustomBuild>
    <CustomBuild Include="res\iconScope2Gate1Off.ico">
      <Filter>Resource Files</Filter>
    </CustomBuild>
    <CustomBuild Include="res\iconScope2Gate1On.ico">
      <Filter>Resource Files</Filter>
    </CustomBuild>
    <CustomBuild Include="res\iconScope2Gate2Off.ico">
      <Filter>Resource Files</Filter>
    </CustomBuild>
    <CustomBuild Include="res\iconScope2Gate2On.ico">
      <Filter>Resource Files</Filter>
    </CustomBuild>
    <CustomBuild Include="res\iconScope2Gate3Off.ico">
      <Filter>Resource Files</Filter>
    </CustomBuild>
    <CustomBuild Include="res\iconScope2Gate3On.ico">
      <Filter>Resource Files</Filter>
    </CustomBuild>
    <CustomBuild Include="res\iconScope2Gate4Off.ico">
      <Filter>Resource Files</Filter>
    </CustomBuild>
    <CustomBuild Include="res\iconScope2Gate4On.ico">
      <Filter>Resource Files</Filter>
    </CustomBuild>
    <CustomBuild Include="res\sh12.ico">
      <Filter>Resource Files</Filter>
    </CustomBuild>
    <CustomBuild Include="res\sh1x.ico">
      <Filter>Resource Files</Filter>
    </CustomBuild>
    <CustomBuild Include="res\shx2.ico">
      <Filter>Resource Files</Filter>
    </CustomBuild>
    <CustomBuild Include="res\shxx.ico">
      <Filter>Resource Files</Filter>
    </CustomBuild>
    <CustomBuild Include="res\TRUSCAN.ICO">
      <Filter>Resource Files</Filter>
    </CustomBuild>
    <CustomBuild Include="res\TRUSCAN.RC2">
      <Filter>Resource Files</Filter>
    </CustomBuild>
    <CustomBuild Include="res\varcologo256.bmp">
      <Filter>Resource Files</Filter>
    </CustomBuild>
    <CustomBuild Include="ReadMe.txt" />
  </ItemGroup>
  <ItemGroup>
    <None Include="ClassDiagram1.cd" />
    <None Include="ClassDiagram2.cd" />
  </ItemGroup>
</Project>